// !$*UTF8*$!
{
	archiveVersion = 1;
	classes = {
	};
	objectVersion = 46;
	objects = {

/* Begin PBXBuildFile section */
		3335004A1761567000291F0F /* UIKit.framework in Frameworks */ = {isa = PBXBuildFile; fileRef = 333500491761567000291F0F /* UIKit.framework */; };
		3335004C1761567000291F0F /* Foundation.framework in Frameworks */ = {isa = PBXBuildFile; fileRef = 3335004B1761567000291F0F /* Foundation.framework */; };
		3335004E1761567000291F0F /* CoreGraphics.framework in Frameworks */ = {isa = PBXBuildFile; fileRef = 3335004D1761567000291F0F /* CoreGraphics.framework */; };
		333500811761576500291F0F /* AppDelegate.m in Sources */ = {isa = PBXBuildFile; fileRef = 3335006F1761576500291F0F /* AppDelegate.m */; };
		333500831761576500291F0F /* Default-568h@2x.png in Resources */ = {isa = PBXBuildFile; fileRef = 333500771761576500291F0F /* Default-568h@2x.png */; };
		333500841761576500291F0F /* Default.png in Resources */ = {isa = PBXBuildFile; fileRef = 333500781761576500291F0F /* Default.png */; };
		333500851761576500291F0F /* Default@2x.png in Resources */ = {isa = PBXBuildFile; fileRef = 333500791761576500291F0F /* Default@2x.png */; };
		333500861761576500291F0F /* MainStoryboard.storyboard in Resources */ = {isa = PBXBuildFile; fileRef = 3335007B1761576500291F0F /* MainStoryboard.storyboard */; };
		333500881761576500291F0F /* InfoPlist.strings in Resources */ = {isa = PBXBuildFile; fileRef = 3335007F1761576500291F0F /* InfoPlist.strings */; };
		333500891761576500291F0F /* main.m in Sources */ = {isa = PBXBuildFile; fileRef = 333500801761576500291F0F /* main.m */; };
		333500A117615AA100291F0F /* CFNetwork.framework in Frameworks */ = {isa = PBXBuildFile; fileRef = 3335009C17615AA100291F0F /* CFNetwork.framework */; };
		333500A217615AA100291F0F /* CoreData.framework in Frameworks */ = {isa = PBXBuildFile; fileRef = 3335009D17615AA100291F0F /* CoreData.framework */; };
		333500A317615AA100291F0F /* MobileCoreServices.framework in Frameworks */ = {isa = PBXBuildFile; fileRef = 3335009E17615AA100291F0F /* MobileCoreServices.framework */; };
		333500A417615AA100291F0F /* Security.framework in Frameworks */ = {isa = PBXBuildFile; fileRef = 3335009F17615AA100291F0F /* Security.framework */; };
		333500A517615AA100291F0F /* SystemConfiguration.framework in Frameworks */ = {isa = PBXBuildFile; fileRef = 333500A017615AA100291F0F /* SystemConfiguration.framework */; };
		333E33341783DB9400EB55DD /* Filter.m in Sources */ = {isa = PBXBuildFile; fileRef = 333E33331783DB9400EB55DD /* Filter.m */; };
		333E333A1783DB9500EB55DD /* CircleSubZone.m in Sources */ = {isa = PBXBuildFile; fileRef = 333E33391783DB9500EB55DD /* CircleSubZone.m */; };
		333E333D1783DB9500EB55DD /* Comment.m in Sources */ = {isa = PBXBuildFile; fileRef = 333E333C1783DB9500EB55DD /* Comment.m */; };
		333E33401783DB9500EB55DD /* SubZone.m in Sources */ = {isa = PBXBuildFile; fileRef = 333E333F1783DB9500EB55DD /* SubZone.m */; };
		333E33431783DB9600EB55DD /* Subscription.m in Sources */ = {isa = PBXBuildFile; fileRef = 333E33421783DB9600EB55DD /* Subscription.m */; };
		333E33461783DB9600EB55DD /* BoxSubZone.m in Sources */ = {isa = PBXBuildFile; fileRef = 333E33451783DB9600EB55DD /* BoxSubZone.m */; };
		333E33491783DB9600EB55DD /* Marker.m in Sources */ = {isa = PBXBuildFile; fileRef = 333E33481783DB9600EB55DD /* Marker.m */; };
		333E334C1783DB9600EB55DD /* User.m in Sources */ = {isa = PBXBuildFile; fileRef = 333E334B1783DB9600EB55DD /* User.m */; };
		33953C32177BC22F0032FE6D /* ServerController.m in Sources */ = {isa = PBXBuildFile; fileRef = 33953C31177BC22F0032FE6D /* ServerController.m */; };
		33A7FFF51777F676006E3F8B /* libRestKit.a in Frameworks */ = {isa = PBXBuildFile; fileRef = 33A7FFEC1777F64E006E3F8B /* libRestKit.a */; };
		33A7FFF91777F70D006E3F8B /* CoreData.xcdatamodeld in Sources */ = {isa = PBXBuildFile; fileRef = 33A7FFF71777F70D006E3F8B /* CoreData.xcdatamodeld */; };
		771C5972177DD6DD004C715C /* CoreLocation.framework in Frameworks */ = {isa = PBXBuildFile; fileRef = 771C5971177DD6DD004C715C /* CoreLocation.framework */; };
		772CEA3A177778C700AFB92D /* MainViewController.m in Sources */ = {isa = PBXBuildFile; fileRef = 772CEA39177778C700AFB92D /* MainViewController.m */; };
		778734B117865286006F4E5F /* blackButton.png in Resources */ = {isa = PBXBuildFile; fileRef = 7787349417865286006F4E5F /* blackButton.png */; };
		778734B217865286006F4E5F /* blackButton@2x.png in Resources */ = {isa = PBXBuildFile; fileRef = 7787349517865286006F4E5F /* blackButton@2x.png */; };
		778734B317865286006F4E5F /* blackButtonHighlight.png in Resources */ = {isa = PBXBuildFile; fileRef = 7787349617865286006F4E5F /* blackButtonHighlight.png */; };
		778734B417865286006F4E5F /* blackButtonHighlight@2x.png in Resources */ = {isa = PBXBuildFile; fileRef = 7787349717865286006F4E5F /* blackButtonHighlight@2x.png */; };
		778734B517865286006F4E5F /* blueButton.png in Resources */ = {isa = PBXBuildFile; fileRef = 7787349817865286006F4E5F /* blueButton.png */; };
		778734B617865286006F4E5F /* blueButton@2x.png in Resources */ = {isa = PBXBuildFile; fileRef = 7787349917865286006F4E5F /* blueButton@2x.png */; };
		778734B717865286006F4E5F /* blueButtonHighlight.png in Resources */ = {isa = PBXBuildFile; fileRef = 7787349A17865286006F4E5F /* blueButtonHighlight.png */; };
		778734B817865286006F4E5F /* blueButtonHighlight@2x.png in Resources */ = {isa = PBXBuildFile; fileRef = 7787349B17865286006F4E5F /* blueButtonHighlight@2x.png */; };
		778734B917865286006F4E5F /* greenButton.png in Resources */ = {isa = PBXBuildFile; fileRef = 7787349C17865286006F4E5F /* greenButton.png */; };
		778734BA17865286006F4E5F /* greenButton@2x.png in Resources */ = {isa = PBXBuildFile; fileRef = 7787349D17865286006F4E5F /* greenButton@2x.png */; };
		778734BB17865286006F4E5F /* greenButtonHighlight.png in Resources */ = {isa = PBXBuildFile; fileRef = 7787349E17865286006F4E5F /* greenButtonHighlight.png */; };
		778734BC17865286006F4E5F /* greenButtonHighlight@2x.png in Resources */ = {isa = PBXBuildFile; fileRef = 7787349F17865286006F4E5F /* greenButtonHighlight@2x.png */; };
		778734BD17865286006F4E5F /* greyButton.png in Resources */ = {isa = PBXBuildFile; fileRef = 778734A017865286006F4E5F /* greyButton.png */; };
		778734BE17865286006F4E5F /* greyButton@2x.png in Resources */ = {isa = PBXBuildFile; fileRef = 778734A117865286006F4E5F /* greyButton@2x.png */; };
		778734BF17865286006F4E5F /* greyButton@2xpng in Resources */ = {isa = PBXBuildFile; fileRef = 778734A217865286006F4E5F /* greyButton@2xpng */; };
		778734C017865286006F4E5F /* greyButtonHighlight.png in Resources */ = {isa = PBXBuildFile; fileRef = 778734A317865286006F4E5F /* greyButtonHighlight.png */; };
		778734C117865286006F4E5F /* greyButtonHighlight@2x.png in Resources */ = {isa = PBXBuildFile; fileRef = 778734A417865286006F4E5F /* greyButtonHighlight@2x.png */; };
		778734C217865286006F4E5F /* orangeButton.png in Resources */ = {isa = PBXBuildFile; fileRef = 778734A517865286006F4E5F /* orangeButton.png */; };
		778734C317865286006F4E5F /* orangeButton@2x.png in Resources */ = {isa = PBXBuildFile; fileRef = 778734A617865286006F4E5F /* orangeButton@2x.png */; };
		778734C417865286006F4E5F /* orangeButtonHighlight.png in Resources */ = {isa = PBXBuildFile; fileRef = 778734A717865286006F4E5F /* orangeButtonHighlight.png */; };
		778734C517865286006F4E5F /* orangeButtonHighlight@2x.png in Resources */ = {isa = PBXBuildFile; fileRef = 778734A817865286006F4E5F /* orangeButtonHighlight@2x.png */; };
		778734C617865286006F4E5F /* tanButton.png in Resources */ = {isa = PBXBuildFile; fileRef = 778734A917865286006F4E5F /* tanButton.png */; };
		778734C717865286006F4E5F /* tanButton@2x.png in Resources */ = {isa = PBXBuildFile; fileRef = 778734AA17865286006F4E5F /* tanButton@2x.png */; };
		778734C817865286006F4E5F /* tanButtonHighlight.png in Resources */ = {isa = PBXBuildFile; fileRef = 778734AB17865286006F4E5F /* tanButtonHighlight.png */; };
		778734C917865286006F4E5F /* tanButtonHighlight@2x.png in Resources */ = {isa = PBXBuildFile; fileRef = 778734AC17865286006F4E5F /* tanButtonHighlight@2x.png */; };
		778734CA17865286006F4E5F /* whiteButton.png in Resources */ = {isa = PBXBuildFile; fileRef = 778734AD17865286006F4E5F /* whiteButton.png */; };
		778734CB17865286006F4E5F /* whiteButton@2x.png in Resources */ = {isa = PBXBuildFile; fileRef = 778734AE17865286006F4E5F /* whiteButton@2x.png */; };
		778734CC17865286006F4E5F /* whiteButtonHighlight.png in Resources */ = {isa = PBXBuildFile; fileRef = 778734AF17865286006F4E5F /* whiteButtonHighlight.png */; };
		778734CD17865286006F4E5F /* whiteButtonHighlight@2x.png in Resources */ = {isa = PBXBuildFile; fileRef = 778734B017865286006F4E5F /* whiteButtonHighlight@2x.png */; };
		77C409FE177DE8B500E31AB5 /* CreateMarkerViewController.m in Sources */ = {isa = PBXBuildFile; fileRef = 77C409FD177DE8B500E31AB5 /* CreateMarkerViewController.m */; };
		77D220871788F48100C710F4 /* MarkerPin.m in Sources */ = {isa = PBXBuildFile; fileRef = 77D220861788F48100C710F4 /* MarkerPin.m */; };
		77F53BB617778919007FFD3E /* MapKit.framework in Frameworks */ = {isa = PBXBuildFile; fileRef = 77F53BB517778919007FFD3E /* MapKit.framework */; };
		77F53BB917778F02007FFD3E /* LoginViewController.m in Sources */ = {isa = PBXBuildFile; fileRef = 77F53BB817778F02007FFD3E /* LoginViewController.m */; };
		77F53BBF177791BD007FFD3E /* RegisterViewController.m in Sources */ = {isa = PBXBuildFile; fileRef = 77F53BBE177791BD007FFD3E /* RegisterViewController.m */; };
		77F53BC2177793FB007FFD3E /* ProfileViewController.m in Sources */ = {isa = PBXBuildFile; fileRef = 77F53BC1177793FB007FFD3E /* ProfileViewController.m */; };
/* End PBXBuildFile section */

/* Begin PBXContainerItemProxy section */
		33A7FFEB1777F64E006E3F8B /* PBXContainerItemProxy */ = {
			isa = PBXContainerItemProxy;
			containerPortal = 33A7FFE41777F64D006E3F8B /* RestKit.xcodeproj */;
			proxyType = 2;
			remoteGlobalIDString = 25160D1614564E810060A5C5;
			remoteInfo = RestKit;
		};
		33A7FFED1777F64E006E3F8B /* PBXContainerItemProxy */ = {
			isa = PBXContainerItemProxy;
			containerPortal = 33A7FFE41777F64D006E3F8B /* RestKit.xcodeproj */;
			proxyType = 2;
			remoteGlobalIDString = 25160D2614564E820060A5C5;
			remoteInfo = RestKitTests;
		};
		33A7FFEF1777F64E006E3F8B /* PBXContainerItemProxy */ = {
			isa = PBXContainerItemProxy;
			containerPortal = 33A7FFE41777F64D006E3F8B /* RestKit.xcodeproj */;
			proxyType = 2;
			remoteGlobalIDString = 25160E62145651060060A5C5;
			remoteInfo = RestKitFramework;
		};
		33A7FFF11777F64E006E3F8B /* PBXContainerItemProxy */ = {
			isa = PBXContainerItemProxy;
			containerPortal = 33A7FFE41777F64D006E3F8B /* RestKit.xcodeproj */;
			proxyType = 2;
			remoteGlobalIDString = 25160E78145651060060A5C5;
			remoteInfo = RestKitFrameworkTests;
		};
		33A7FFF31777F66E006E3F8B /* PBXContainerItemProxy */ = {
			isa = PBXContainerItemProxy;
			containerPortal = 33A7FFE41777F64D006E3F8B /* RestKit.xcodeproj */;
			proxyType = 1;
			remoteGlobalIDString = 25160D1514564E810060A5C5;
			remoteInfo = RestKit;
		};
/* End PBXContainerItemProxy section */

/* Begin PBXFileReference section */
		333500461761567000291F0F /* CrowdCycle.app */ = {isa = PBXFileReference; explicitFileType = wrapper.application; includeInIndex = 0; path = CrowdCycle.app; sourceTree = BUILT_PRODUCTS_DIR; };
		333500491761567000291F0F /* UIKit.framework */ = {isa = PBXFileReference; lastKnownFileType = wrapper.framework; name = UIKit.framework; path = System/Library/Frameworks/UIKit.framework; sourceTree = SDKROOT; };
		3335004B1761567000291F0F /* Foundation.framework */ = {isa = PBXFileReference; lastKnownFileType = wrapper.framework; name = Foundation.framework; path = System/Library/Frameworks/Foundation.framework; sourceTree = SDKROOT; };
		3335004D1761567000291F0F /* CoreGraphics.framework */ = {isa = PBXFileReference; lastKnownFileType = wrapper.framework; name = CoreGraphics.framework; path = System/Library/Frameworks/CoreGraphics.framework; sourceTree = SDKROOT; };
		3335006E1761576500291F0F /* AppDelegate.h */ = {isa = PBXFileReference; fileEncoding = 4; lastKnownFileType = sourcecode.c.h; path = AppDelegate.h; sourceTree = "<group>"; };
		3335006F1761576500291F0F /* AppDelegate.m */ = {isa = PBXFileReference; fileEncoding = 4; lastKnownFileType = sourcecode.c.objc; path = AppDelegate.m; sourceTree = "<group>"; };
		333500771761576500291F0F /* Default-568h@2x.png */ = {isa = PBXFileReference; lastKnownFileType = image.png; path = "Default-568h@2x.png"; sourceTree = "<group>"; };
		333500781761576500291F0F /* Default.png */ = {isa = PBXFileReference; lastKnownFileType = image.png; path = Default.png; sourceTree = "<group>"; };
		333500791761576500291F0F /* Default@2x.png */ = {isa = PBXFileReference; lastKnownFileType = image.png; path = "Default@2x.png"; sourceTree = "<group>"; };
		3335007B1761576500291F0F /* MainStoryboard.storyboard */ = {isa = PBXFileReference; fileEncoding = 4; lastKnownFileType = file.storyboard; path = MainStoryboard.storyboard; sourceTree = "<group>"; };
		3335007D1761576500291F0F /* CrowdCycle-Info.plist */ = {isa = PBXFileReference; fileEncoding = 4; lastKnownFileType = text.plist.xml; path = "CrowdCycle-Info.plist"; sourceTree = "<group>"; };
		3335007E1761576500291F0F /* CrowdCycle-Prefix.pch */ = {isa = PBXFileReference; fileEncoding = 4; lastKnownFileType = sourcecode.c.h; path = "CrowdCycle-Prefix.pch"; sourceTree = "<group>"; };
		3335007F1761576500291F0F /* InfoPlist.strings */ = {isa = PBXFileReference; fileEncoding = 4; lastKnownFileType = text.plist.strings; path = InfoPlist.strings; sourceTree = "<group>"; };
		333500801761576500291F0F /* main.m */ = {isa = PBXFileReference; fileEncoding = 4; lastKnownFileType = sourcecode.c.objc; path = main.m; sourceTree = "<group>"; };
		3335009C17615AA100291F0F /* CFNetwork.framework */ = {isa = PBXFileReference; lastKnownFileType = wrapper.framework; name = CFNetwork.framework; path = System/Library/Frameworks/CFNetwork.framework; sourceTree = SDKROOT; };
		3335009D17615AA100291F0F /* CoreData.framework */ = {isa = PBXFileReference; lastKnownFileType = wrapper.framework; name = CoreData.framework; path = System/Library/Frameworks/CoreData.framework; sourceTree = SDKROOT; };
		3335009E17615AA100291F0F /* MobileCoreServices.framework */ = {isa = PBXFileReference; lastKnownFileType = wrapper.framework; name = MobileCoreServices.framework; path = System/Library/Frameworks/MobileCoreServices.framework; sourceTree = SDKROOT; };
		3335009F17615AA100291F0F /* Security.framework */ = {isa = PBXFileReference; lastKnownFileType = wrapper.framework; name = Security.framework; path = System/Library/Frameworks/Security.framework; sourceTree = SDKROOT; };
		333500A017615AA100291F0F /* SystemConfiguration.framework */ = {isa = PBXFileReference; lastKnownFileType = wrapper.framework; name = SystemConfiguration.framework; path = System/Library/Frameworks/SystemConfiguration.framework; sourceTree = SDKROOT; };
		333E33321783DB9400EB55DD /* Filter.h */ = {isa = PBXFileReference; fileEncoding = 4; lastKnownFileType = sourcecode.c.h; path = Filter.h; sourceTree = "<group>"; };
		333E33331783DB9400EB55DD /* Filter.m */ = {isa = PBXFileReference; fileEncoding = 4; lastKnownFileType = sourcecode.c.objc; path = Filter.m; sourceTree = "<group>"; };
		333E33381783DB9500EB55DD /* CircleSubZone.h */ = {isa = PBXFileReference; fileEncoding = 4; lastKnownFileType = sourcecode.c.h; path = CircleSubZone.h; sourceTree = "<group>"; };
		333E33391783DB9500EB55DD /* CircleSubZone.m */ = {isa = PBXFileReference; fileEncoding = 4; lastKnownFileType = sourcecode.c.objc; path = CircleSubZone.m; sourceTree = "<group>"; };
		333E333B1783DB9500EB55DD /* Comment.h */ = {isa = PBXFileReference; fileEncoding = 4; lastKnownFileType = sourcecode.c.h; path = Comment.h; sourceTree = "<group>"; };
		333E333C1783DB9500EB55DD /* Comment.m */ = {isa = PBXFileReference; fileEncoding = 4; lastKnownFileType = sourcecode.c.objc; path = Comment.m; sourceTree = "<group>"; };
		333E333E1783DB9500EB55DD /* SubZone.h */ = {isa = PBXFileReference; fileEncoding = 4; lastKnownFileType = sourcecode.c.h; path = SubZone.h; sourceTree = "<group>"; };
		333E333F1783DB9500EB55DD /* SubZone.m */ = {isa = PBXFileReference; fileEncoding = 4; lastKnownFileType = sourcecode.c.objc; path = SubZone.m; sourceTree = "<group>"; };
		333E33411783DB9600EB55DD /* Subscription.h */ = {isa = PBXFileReference; fileEncoding = 4; lastKnownFileType = sourcecode.c.h; path = Subscription.h; sourceTree = "<group>"; };
		333E33421783DB9600EB55DD /* Subscription.m */ = {isa = PBXFileReference; fileEncoding = 4; lastKnownFileType = sourcecode.c.objc; path = Subscription.m; sourceTree = "<group>"; };
		333E33441783DB9600EB55DD /* BoxSubZone.h */ = {isa = PBXFileReference; fileEncoding = 4; lastKnownFileType = sourcecode.c.h; path = BoxSubZone.h; sourceTree = "<group>"; };
		333E33451783DB9600EB55DD /* BoxSubZone.m */ = {isa = PBXFileReference; fileEncoding = 4; lastKnownFileType = sourcecode.c.objc; path = BoxSubZone.m; sourceTree = "<group>"; };
		333E33471783DB9600EB55DD /* Marker.h */ = {isa = PBXFileReference; fileEncoding = 4; lastKnownFileType = sourcecode.c.h; path = Marker.h; sourceTree = "<group>"; };
		333E33481783DB9600EB55DD /* Marker.m */ = {isa = PBXFileReference; fileEncoding = 4; lastKnownFileType = sourcecode.c.objc; path = Marker.m; sourceTree = "<group>"; };
		333E334A1783DB9600EB55DD /* User.h */ = {isa = PBXFileReference; fileEncoding = 4; lastKnownFileType = sourcecode.c.h; path = User.h; sourceTree = "<group>"; };
		333E334B1783DB9600EB55DD /* User.m */ = {isa = PBXFileReference; fileEncoding = 4; lastKnownFileType = sourcecode.c.objc; path = User.m; sourceTree = "<group>"; };
		33953C30177BC22F0032FE6D /* ServerController.h */ = {isa = PBXFileReference; fileEncoding = 4; lastKnownFileType = sourcecode.c.h; path = ServerController.h; sourceTree = "<group>"; };
		33953C31177BC22F0032FE6D /* ServerController.m */ = {isa = PBXFileReference; fileEncoding = 4; lastKnownFileType = sourcecode.c.objc; path = ServerController.m; sourceTree = "<group>"; };
		33953C33177BC3500032FE6D /* SynthesizeSingleton.h */ = {isa = PBXFileReference; fileEncoding = 4; lastKnownFileType = sourcecode.c.h; path = SynthesizeSingleton.h; sourceTree = "<group>"; };
		33A7FFE41777F64D006E3F8B /* RestKit.xcodeproj */ = {isa = PBXFileReference; lastKnownFileType = "wrapper.pb-project"; name = RestKit.xcodeproj; path = ../RestKit/RestKit.xcodeproj; sourceTree = "<group>"; };
		33A7FFF81777F70D006E3F8B /* CoreData.xcdatamodel */ = {isa = PBXFileReference; lastKnownFileType = wrapper.xcdatamodel; path = CoreData.xcdatamodel; sourceTree = "<group>"; };
		771C5971177DD6DD004C715C /* CoreLocation.framework */ = {isa = PBXFileReference; lastKnownFileType = wrapper.framework; name = CoreLocation.framework; path = System/Library/Frameworks/CoreLocation.framework; sourceTree = SDKROOT; };
		772CEA38177778C700AFB92D /* MainViewController.h */ = {isa = PBXFileReference; fileEncoding = 4; lastKnownFileType = sourcecode.c.h; path = MainViewController.h; sourceTree = "<group>"; };
		772CEA39177778C700AFB92D /* MainViewController.m */ = {isa = PBXFileReference; fileEncoding = 4; lastKnownFileType = sourcecode.c.objc; path = MainViewController.m; sourceTree = "<group>"; };
		7787349417865286006F4E5F /* blackButton.png */ = {isa = PBXFileReference; lastKnownFileType = image.png; path = blackButton.png; sourceTree = "<group>"; };
		7787349517865286006F4E5F /* blackButton@2x.png */ = {isa = PBXFileReference; lastKnownFileType = image.png; path = "blackButton@2x.png"; sourceTree = "<group>"; };
		7787349617865286006F4E5F /* blackButtonHighlight.png */ = {isa = PBXFileReference; lastKnownFileType = image.png; path = blackButtonHighlight.png; sourceTree = "<group>"; };
		7787349717865286006F4E5F /* blackButtonHighlight@2x.png */ = {isa = PBXFileReference; lastKnownFileType = image.png; path = "blackButtonHighlight@2x.png"; sourceTree = "<group>"; };
		7787349817865286006F4E5F /* blueButton.png */ = {isa = PBXFileReference; lastKnownFileType = image.png; path = blueButton.png; sourceTree = "<group>"; };
		7787349917865286006F4E5F /* blueButton@2x.png */ = {isa = PBXFileReference; lastKnownFileType = image.png; path = "blueButton@2x.png"; sourceTree = "<group>"; };
		7787349A17865286006F4E5F /* blueButtonHighlight.png */ = {isa = PBXFileReference; lastKnownFileType = image.png; path = blueButtonHighlight.png; sourceTree = "<group>"; };
		7787349B17865286006F4E5F /* blueButtonHighlight@2x.png */ = {isa = PBXFileReference; lastKnownFileType = image.png; path = "blueButtonHighlight@2x.png"; sourceTree = "<group>"; };
		7787349C17865286006F4E5F /* greenButton.png */ = {isa = PBXFileReference; lastKnownFileType = image.png; path = greenButton.png; sourceTree = "<group>"; };
		7787349D17865286006F4E5F /* greenButton@2x.png */ = {isa = PBXFileReference; lastKnownFileType = image.png; path = "greenButton@2x.png"; sourceTree = "<group>"; };
		7787349E17865286006F4E5F /* greenButtonHighlight.png */ = {isa = PBXFileReference; lastKnownFileType = image.png; path = greenButtonHighlight.png; sourceTree = "<group>"; };
		7787349F17865286006F4E5F /* greenButtonHighlight@2x.png */ = {isa = PBXFileReference; lastKnownFileType = image.png; path = "greenButtonHighlight@2x.png"; sourceTree = "<group>"; };
		778734A017865286006F4E5F /* greyButton.png */ = {isa = PBXFileReference; lastKnownFileType = image.png; path = greyButton.png; sourceTree = "<group>"; };
		778734A117865286006F4E5F /* greyButton@2x.png */ = {isa = PBXFileReference; lastKnownFileType = image.png; path = "greyButton@2x.png"; sourceTree = "<group>"; };
		778734A217865286006F4E5F /* greyButton@2xpng */ = {isa = PBXFileReference; lastKnownFileType = file; path = "greyButton@2xpng"; sourceTree = "<group>"; };
		778734A317865286006F4E5F /* greyButtonHighlight.png */ = {isa = PBXFileReference; lastKnownFileType = image.png; path = greyButtonHighlight.png; sourceTree = "<group>"; };
		778734A417865286006F4E5F /* greyButtonHighlight@2x.png */ = {isa = PBXFileReference; lastKnownFileType = image.png; path = "greyButtonHighlight@2x.png"; sourceTree = "<group>"; };
		778734A517865286006F4E5F /* orangeButton.png */ = {isa = PBXFileReference; lastKnownFileType = image.png; path = orangeButton.png; sourceTree = "<group>"; };
		778734A617865286006F4E5F /* orangeButton@2x.png */ = {isa = PBXFileReference; lastKnownFileType = image.png; path = "orangeButton@2x.png"; sourceTree = "<group>"; };
		778734A717865286006F4E5F /* orangeButtonHighlight.png */ = {isa = PBXFileReference; lastKnownFileType = image.png; path = orangeButtonHighlight.png; sourceTree = "<group>"; };
		778734A817865286006F4E5F /* orangeButtonHighlight@2x.png */ = {isa = PBXFileReference; lastKnownFileType = image.png; path = "orangeButtonHighlight@2x.png"; sourceTree = "<group>"; };
		778734A917865286006F4E5F /* tanButton.png */ = {isa = PBXFileReference; lastKnownFileType = image.png; path = tanButton.png; sourceTree = "<group>"; };
		778734AA17865286006F4E5F /* tanButton@2x.png */ = {isa = PBXFileReference; lastKnownFileType = image.png; path = "tanButton@2x.png"; sourceTree = "<group>"; };
		778734AB17865286006F4E5F /* tanButtonHighlight.png */ = {isa = PBXFileReference; lastKnownFileType = image.png; path = tanButtonHighlight.png; sourceTree = "<group>"; };
		778734AC17865286006F4E5F /* tanButtonHighlight@2x.png */ = {isa = PBXFileReference; lastKnownFileType = image.png; path = "tanButtonHighlight@2x.png"; sourceTree = "<group>"; };
		778734AD17865286006F4E5F /* whiteButton.png */ = {isa = PBXFileReference; lastKnownFileType = image.png; path = whiteButton.png; sourceTree = "<group>"; };
		778734AE17865286006F4E5F /* whiteButton@2x.png */ = {isa = PBXFileReference; lastKnownFileType = image.png; path = "whiteButton@2x.png"; sourceTree = "<group>"; };
		778734AF17865286006F4E5F /* whiteButtonHighlight.png */ = {isa = PBXFileReference; lastKnownFileType = image.png; path = whiteButtonHighlight.png; sourceTree = "<group>"; };
		778734B017865286006F4E5F /* whiteButtonHighlight@2x.png */ = {isa = PBXFileReference; lastKnownFileType = image.png; path = "whiteButtonHighlight@2x.png"; sourceTree = "<group>"; };
		77C409FC177DE8B500E31AB5 /* CreateMarkerViewController.h */ = {isa = PBXFileReference; fileEncoding = 4; lastKnownFileType = sourcecode.c.h; path = CreateMarkerViewController.h; sourceTree = "<group>"; };
		77C409FD177DE8B500E31AB5 /* CreateMarkerViewController.m */ = {isa = PBXFileReference; fileEncoding = 4; lastKnownFileType = sourcecode.c.objc; path = CreateMarkerViewController.m; sourceTree = "<group>"; };
		77D220851788F48100C710F4 /* MarkerPin.h */ = {isa = PBXFileReference; fileEncoding = 4; lastKnownFileType = sourcecode.c.h; path = MarkerPin.h; sourceTree = "<group>"; };
		77D220861788F48100C710F4 /* MarkerPin.m */ = {isa = PBXFileReference; fileEncoding = 4; lastKnownFileType = sourcecode.c.objc; path = MarkerPin.m; sourceTree = "<group>"; };
		77F53BB517778919007FFD3E /* MapKit.framework */ = {isa = PBXFileReference; lastKnownFileType = wrapper.framework; name = MapKit.framework; path = System/Library/Frameworks/MapKit.framework; sourceTree = SDKROOT; };
		77F53BB717778F02007FFD3E /* LoginViewController.h */ = {isa = PBXFileReference; fileEncoding = 4; lastKnownFileType = sourcecode.c.h; path = LoginViewController.h; sourceTree = "<group>"; };
		77F53BB817778F02007FFD3E /* LoginViewController.m */ = {isa = PBXFileReference; fileEncoding = 4; lastKnownFileType = sourcecode.c.objc; path = LoginViewController.m; sourceTree = "<group>"; };
		77F53BBD177791BD007FFD3E /* RegisterViewController.h */ = {isa = PBXFileReference; fileEncoding = 4; lastKnownFileType = sourcecode.c.h; path = RegisterViewController.h; sourceTree = "<group>"; };
		77F53BBE177791BD007FFD3E /* RegisterViewController.m */ = {isa = PBXFileReference; fileEncoding = 4; lastKnownFileType = sourcecode.c.objc; path = RegisterViewController.m; sourceTree = "<group>"; };
		77F53BC0177793FB007FFD3E /* ProfileViewController.h */ = {isa = PBXFileReference; fileEncoding = 4; lastKnownFileType = sourcecode.c.h; path = ProfileViewController.h; sourceTree = "<group>"; };
		77F53BC1177793FB007FFD3E /* ProfileViewController.m */ = {isa = PBXFileReference; fileEncoding = 4; lastKnownFileType = sourcecode.c.objc; path = ProfileViewController.m; sourceTree = "<group>"; };
/* End PBXFileReference section */

/* Begin PBXFrameworksBuildPhase section */
		333500431761567000291F0F /* Frameworks */ = {
			isa = PBXFrameworksBuildPhase;
			buildActionMask = 2147483647;
			files = (
				771C5972177DD6DD004C715C /* CoreLocation.framework in Frameworks */,
				33A7FFF51777F676006E3F8B /* libRestKit.a in Frameworks */,
				77F53BB617778919007FFD3E /* MapKit.framework in Frameworks */,
				333500A117615AA100291F0F /* CFNetwork.framework in Frameworks */,
				333500A217615AA100291F0F /* CoreData.framework in Frameworks */,
				333500A317615AA100291F0F /* MobileCoreServices.framework in Frameworks */,
				333500A417615AA100291F0F /* Security.framework in Frameworks */,
				333500A517615AA100291F0F /* SystemConfiguration.framework in Frameworks */,
				3335004A1761567000291F0F /* UIKit.framework in Frameworks */,
				3335004C1761567000291F0F /* Foundation.framework in Frameworks */,
				3335004E1761567000291F0F /* CoreGraphics.framework in Frameworks */,
			);
			runOnlyForDeploymentPostprocessing = 0;
		};
/* End PBXFrameworksBuildPhase section */

/* Begin PBXGroup section */
		3335003D1761567000291F0F = {
			isa = PBXGroup;
			children = (
				771C5971177DD6DD004C715C /* CoreLocation.framework */,
				33A7FFE41777F64D006E3F8B /* RestKit.xcodeproj */,
				3335006C1761576500291F0F /* Classes */,
				333500741761576500291F0F /* Lib */,
				333500751761576500291F0F /* Res */,
				333500481761567000291F0F /* Frameworks */,
				333500471761567000291F0F /* Products */,
			);
			sourceTree = "<group>";
		};
		333500471761567000291F0F /* Products */ = {
			isa = PBXGroup;
			children = (
				333500461761567000291F0F /* CrowdCycle.app */,
			);
			name = Products;
			sourceTree = "<group>";
		};
		333500481761567000291F0F /* Frameworks */ = {
			isa = PBXGroup;
			children = (
				3335009C17615AA100291F0F /* CFNetwork.framework */,
				3335009D17615AA100291F0F /* CoreData.framework */,
				3335004D1761567000291F0F /* CoreGraphics.framework */,
				3335004B1761567000291F0F /* Foundation.framework */,
				77F53BB517778919007FFD3E /* MapKit.framework */,
				3335009E17615AA100291F0F /* MobileCoreServices.framework */,
				3335009F17615AA100291F0F /* Security.framework */,
				333500A017615AA100291F0F /* SystemConfiguration.framework */,
				333500491761567000291F0F /* UIKit.framework */,
			);
			name = Frameworks;
			sourceTree = "<group>";
		};
		3335006C1761576500291F0F /* Classes */ = {
			isa = PBXGroup;
			children = (
				33953C2C177BC21C0032FE6D /* Controllers */,
				3335006D1761576500291F0F /* Global */,
				333500701761576500291F0F /* Models */,
				333500711761576500291F0F /* UIViewControllers */,
			);
			name = Classes;
			path = CrowdCycle/Classes;
			sourceTree = "<group>";
		};
		3335006D1761576500291F0F /* Global */ = {
			isa = PBXGroup;
			children = (
				3335006E1761576500291F0F /* AppDelegate.h */,
				3335006F1761576500291F0F /* AppDelegate.m */,
				33953C33177BC3500032FE6D /* SynthesizeSingleton.h */,
			);
			path = Global;
			sourceTree = "<group>";
		};
		333500701761576500291F0F /* Models */ = {
			isa = PBXGroup;
			children = (
				333E33321783DB9400EB55DD /* Filter.h */,
				333E33331783DB9400EB55DD /* Filter.m */,
				333E33381783DB9500EB55DD /* CircleSubZone.h */,
				333E33391783DB9500EB55DD /* CircleSubZone.m */,
				333E333B1783DB9500EB55DD /* Comment.h */,
				333E333C1783DB9500EB55DD /* Comment.m */,
				333E333E1783DB9500EB55DD /* SubZone.h */,
				333E333F1783DB9500EB55DD /* SubZone.m */,
				333E33411783DB9600EB55DD /* Subscription.h */,
				333E33421783DB9600EB55DD /* Subscription.m */,
				333E33441783DB9600EB55DD /* BoxSubZone.h */,
				333E33451783DB9600EB55DD /* BoxSubZone.m */,
				333E33471783DB9600EB55DD /* Marker.h */,
				333E33481783DB9600EB55DD /* Marker.m */,
				333E334A1783DB9600EB55DD /* User.h */,
				333E334B1783DB9600EB55DD /* User.m */,
				77D220851788F48100C710F4 /* MarkerPin.h */,
				77D220861788F48100C710F4 /* MarkerPin.m */,
			);
			path = Models;
			sourceTree = "<group>";
		};
		333500711761576500291F0F /* UIViewControllers */ = {
			isa = PBXGroup;
			children = (
				772CEA38177778C700AFB92D /* MainViewController.h */,
				772CEA39177778C700AFB92D /* MainViewController.m */,
				77F53BB717778F02007FFD3E /* LoginViewController.h */,
				77F53BB817778F02007FFD3E /* LoginViewController.m */,
				77F53BBD177791BD007FFD3E /* RegisterViewController.h */,
				77F53BBE177791BD007FFD3E /* RegisterViewController.m */,
				77F53BC0177793FB007FFD3E /* ProfileViewController.h */,
				77F53BC1177793FB007FFD3E /* ProfileViewController.m */,
				77C409FC177DE8B500E31AB5 /* CreateMarkerViewController.h */,
				77C409FD177DE8B500E31AB5 /* CreateMarkerViewController.m */,
			);
			path = UIViewControllers;
			sourceTree = "<group>";
		};
		333500741761576500291F0F /* Lib */ = {
			isa = PBXGroup;
			children = (
			);
			name = Lib;
			path = CrowdCycle/Lib;
			sourceTree = "<group>";
		};
		333500751761576500291F0F /* Res */ = {
			isa = PBXGroup;
			children = (
				33A7FFF61777F6FC006E3F8B /* CoreData */,
				333500761761576500291F0F /* Images */,
				3335007A1761576500291F0F /* Nibs */,
				3335007C1761576500291F0F /* Supporting Files */,
			);
			name = Res;
			path = CrowdCycle/Res;
			sourceTree = "<group>";
		};
		333500761761576500291F0F /* Images */ = {
			isa = PBXGroup;
			children = (
				7787349317865285006F4E5F /* buttons */,
				333500771761576500291F0F /* Default-568h@2x.png */,
				333500781761576500291F0F /* Default.png */,
				333500791761576500291F0F /* Default@2x.png */,
			);
			path = Images;
			sourceTree = "<group>";
		};
		3335007A1761576500291F0F /* Nibs */ = {
			isa = PBXGroup;
			children = (
				3335007B1761576500291F0F /* MainStoryboard.storyboard */,
			);
			path = Nibs;
			sourceTree = "<group>";
		};
		3335007C1761576500291F0F /* Supporting Files */ = {
			isa = PBXGroup;
			children = (
				3335007D1761576500291F0F /* CrowdCycle-Info.plist */,
				3335007E1761576500291F0F /* CrowdCycle-Prefix.pch */,
				3335007F1761576500291F0F /* InfoPlist.strings */,
				333500801761576500291F0F /* main.m */,
			);
			path = "Supporting Files";
			sourceTree = "<group>";
		};
		33953C2C177BC21C0032FE6D /* Controllers */ = {
			isa = PBXGroup;
			children = (
				33953C30177BC22F0032FE6D /* ServerController.h */,
				33953C31177BC22F0032FE6D /* ServerController.m */,
			);
			path = Controllers;
			sourceTree = "<group>";
		};
		33A7FFE51777F64D006E3F8B /* Products */ = {
			isa = PBXGroup;
			children = (
				33A7FFEC1777F64E006E3F8B /* libRestKit.a */,
				33A7FFEE1777F64E006E3F8B /* RestKitTests.octest */,
				33A7FFF01777F64E006E3F8B /* RestKit.framework */,
				33A7FFF21777F64E006E3F8B /* RestKitFrameworkTests.octest */,
			);
			name = Products;
			sourceTree = "<group>";
		};
		33A7FFF61777F6FC006E3F8B /* CoreData */ = {
			isa = PBXGroup;
			children = (
				33A7FFF71777F70D006E3F8B /* CoreData.xcdatamodeld */,
			);
			path = CoreData;
			sourceTree = "<group>";
		};
		7787349317865285006F4E5F /* buttons */ = {
			isa = PBXGroup;
			children = (
				7787349417865286006F4E5F /* blackButton.png */,
				7787349517865286006F4E5F /* blackButton@2x.png */,
				7787349617865286006F4E5F /* blackButtonHighlight.png */,
				7787349717865286006F4E5F /* blackButtonHighlight@2x.png */,
				7787349817865286006F4E5F /* blueButton.png */,
				7787349917865286006F4E5F /* blueButton@2x.png */,
				7787349A17865286006F4E5F /* blueButtonHighlight.png */,
				7787349B17865286006F4E5F /* blueButtonHighlight@2x.png */,
				7787349C17865286006F4E5F /* greenButton.png */,
				7787349D17865286006F4E5F /* greenButton@2x.png */,
				7787349E17865286006F4E5F /* greenButtonHighlight.png */,
				7787349F17865286006F4E5F /* greenButtonHighlight@2x.png */,
				778734A017865286006F4E5F /* greyButton.png */,
				778734A117865286006F4E5F /* greyButton@2x.png */,
				778734A217865286006F4E5F /* greyButton@2xpng */,
				778734A317865286006F4E5F /* greyButtonHighlight.png */,
				778734A417865286006F4E5F /* greyButtonHighlight@2x.png */,
				778734A517865286006F4E5F /* orangeButton.png */,
				778734A617865286006F4E5F /* orangeButton@2x.png */,
				778734A717865286006F4E5F /* orangeButtonHighlight.png */,
				778734A817865286006F4E5F /* orangeButtonHighlight@2x.png */,
				778734A917865286006F4E5F /* tanButton.png */,
				778734AA17865286006F4E5F /* tanButton@2x.png */,
				778734AB17865286006F4E5F /* tanButtonHighlight.png */,
				778734AC17865286006F4E5F /* tanButtonHighlight@2x.png */,
				778734AD17865286006F4E5F /* whiteButton.png */,
				778734AE17865286006F4E5F /* whiteButton@2x.png */,
				778734AF17865286006F4E5F /* whiteButtonHighlight.png */,
				778734B017865286006F4E5F /* whiteButtonHighlight@2x.png */,
			);
			path = buttons;
			sourceTree = "<group>";
		};
/* End PBXGroup section */

/* Begin PBXNativeTarget section */
		333500451761567000291F0F /* CrowdCycle */ = {
			isa = PBXNativeTarget;
			buildConfigurationList = 333500691761567000291F0F /* Build configuration list for PBXNativeTarget "CrowdCycle" */;
			buildPhases = (
				333500421761567000291F0F /* Sources */,
				333500431761567000291F0F /* Frameworks */,
				333500441761567000291F0F /* Resources */,
			);
			buildRules = (
			);
			dependencies = (
				33A7FFF41777F66E006E3F8B /* PBXTargetDependency */,
			);
			name = CrowdCycle;
			productName = CrowdCycle;
			productReference = 333500461761567000291F0F /* CrowdCycle.app */;
			productType = "com.apple.product-type.application";
		};
/* End PBXNativeTarget section */

/* Begin PBXProject section */
		3335003E1761567000291F0F /* Project object */ = {
			isa = PBXProject;
			attributes = {
				LastUpgradeCheck = 0460;
				ORGANIZATIONNAME = "Daniel MacKenzie";
			};
			buildConfigurationList = 333500411761567000291F0F /* Build configuration list for PBXProject "CrowdCycle" */;
			compatibilityVersion = "Xcode 3.2";
			developmentRegion = English;
			hasScannedForEncodings = 0;
			knownRegions = (
				en,
			);
			mainGroup = 3335003D1761567000291F0F;
			productRefGroup = 333500471761567000291F0F /* Products */;
			projectDirPath = "";
			projectReferences = (
				{
					ProductGroup = 33A7FFE51777F64D006E3F8B /* Products */;
					ProjectRef = 33A7FFE41777F64D006E3F8B /* RestKit.xcodeproj */;
				},
			);
			projectRoot = "";
			targets = (
				333500451761567000291F0F /* CrowdCycle */,
			);
		};
/* End PBXProject section */

/* Begin PBXReferenceProxy section */
		33A7FFEC1777F64E006E3F8B /* libRestKit.a */ = {
			isa = PBXReferenceProxy;
			fileType = archive.ar;
			path = libRestKit.a;
			remoteRef = 33A7FFEB1777F64E006E3F8B /* PBXContainerItemProxy */;
			sourceTree = BUILT_PRODUCTS_DIR;
		};
		33A7FFEE1777F64E006E3F8B /* RestKitTests.octest */ = {
			isa = PBXReferenceProxy;
			fileType = wrapper.cfbundle;
			path = RestKitTests.octest;
			remoteRef = 33A7FFED1777F64E006E3F8B /* PBXContainerItemProxy */;
			sourceTree = BUILT_PRODUCTS_DIR;
		};
		33A7FFF01777F64E006E3F8B /* RestKit.framework */ = {
			isa = PBXReferenceProxy;
			fileType = wrapper.framework;
			path = RestKit.framework;
			remoteRef = 33A7FFEF1777F64E006E3F8B /* PBXContainerItemProxy */;
			sourceTree = BUILT_PRODUCTS_DIR;
		};
		33A7FFF21777F64E006E3F8B /* RestKitFrameworkTests.octest */ = {
			isa = PBXReferenceProxy;
			fileType = wrapper.cfbundle;
			path = RestKitFrameworkTests.octest;
			remoteRef = 33A7FFF11777F64E006E3F8B /* PBXContainerItemProxy */;
			sourceTree = BUILT_PRODUCTS_DIR;
		};
/* End PBXReferenceProxy section */

/* Begin PBXResourcesBuildPhase section */
		333500441761567000291F0F /* Resources */ = {
			isa = PBXResourcesBuildPhase;
			buildActionMask = 2147483647;
			files = (
				333500831761576500291F0F /* Default-568h@2x.png in Resources */,
				333500841761576500291F0F /* Default.png in Resources */,
				333500851761576500291F0F /* Default@2x.png in Resources */,
				333500861761576500291F0F /* MainStoryboard.storyboard in Resources */,
				333500881761576500291F0F /* InfoPlist.strings in Resources */,
				778734B117865286006F4E5F /* blackButton.png in Resources */,
				778734B217865286006F4E5F /* blackButton@2x.png in Resources */,
				778734B317865286006F4E5F /* blackButtonHighlight.png in Resources */,
				778734B417865286006F4E5F /* blackButtonHighlight@2x.png in Resources */,
				778734B517865286006F4E5F /* blueButton.png in Resources */,
				778734B617865286006F4E5F /* blueButton@2x.png in Resources */,
				778734B717865286006F4E5F /* blueButtonHighlight.png in Resources */,
				778734B817865286006F4E5F /* blueButtonHighlight@2x.png in Resources */,
				778734B917865286006F4E5F /* greenButton.png in Resources */,
				778734BA17865286006F4E5F /* greenButton@2x.png in Resources */,
				778734BB17865286006F4E5F /* greenButtonHighlight.png in Resources */,
				778734BC17865286006F4E5F /* greenButtonHighlight@2x.png in Resources */,
				778734BD17865286006F4E5F /* greyButton.png in Resources */,
				778734BE17865286006F4E5F /* greyButton@2x.png in Resources */,
				778734BF17865286006F4E5F /* greyButton@2xpng in Resources */,
				778734C017865286006F4E5F /* greyButtonHighlight.png in Resources */,
				778734C117865286006F4E5F /* greyButtonHighlight@2x.png in Resources */,
				778734C217865286006F4E5F /* orangeButton.png in Resources */,
				778734C317865286006F4E5F /* orangeButton@2x.png in Resources */,
				778734C417865286006F4E5F /* orangeButtonHighlight.png in Resources */,
				778734C517865286006F4E5F /* orangeButtonHighlight@2x.png in Resources */,
				778734C617865286006F4E5F /* tanButton.png in Resources */,
				778734C717865286006F4E5F /* tanButton@2x.png in Resources */,
				778734C817865286006F4E5F /* tanButtonHighlight.png in Resources */,
				778734C917865286006F4E5F /* tanButtonHighlight@2x.png in Resources */,
				778734CA17865286006F4E5F /* whiteButton.png in Resources */,
				778734CB17865286006F4E5F /* whiteButton@2x.png in Resources */,
				778734CC17865286006F4E5F /* whiteButtonHighlight.png in Resources */,
				778734CD17865286006F4E5F /* whiteButtonHighlight@2x.png in Resources */,
			);
			runOnlyForDeploymentPostprocessing = 0;
		};
/* End PBXResourcesBuildPhase section */

/* Begin PBXSourcesBuildPhase section */
		333500421761567000291F0F /* Sources */ = {
			isa = PBXSourcesBuildPhase;
			buildActionMask = 2147483647;
			files = (
				333500811761576500291F0F /* AppDelegate.m in Sources */,
				333500891761576500291F0F /* main.m in Sources */,
				772CEA3A177778C700AFB92D /* MainViewController.m in Sources */,
				77F53BB917778F02007FFD3E /* LoginViewController.m in Sources */,
				77F53BBF177791BD007FFD3E /* RegisterViewController.m in Sources */,
				77F53BC2177793FB007FFD3E /* ProfileViewController.m in Sources */,
				33A7FFF91777F70D006E3F8B /* CoreData.xcdatamodeld in Sources */,
				33953C32177BC22F0032FE6D /* ServerController.m in Sources */,
				77C409FE177DE8B500E31AB5 /* CreateMarkerViewController.m in Sources */,
				333E33341783DB9400EB55DD /* Filter.m in Sources */,
				333E333A1783DB9500EB55DD /* CircleSubZone.m in Sources */,
				333E333D1783DB9500EB55DD /* Comment.m in Sources */,
				333E33401783DB9500EB55DD /* SubZone.m in Sources */,
				333E33431783DB9600EB55DD /* Subscription.m in Sources */,
				333E33461783DB9600EB55DD /* BoxSubZone.m in Sources */,
				333E33491783DB9600EB55DD /* Marker.m in Sources */,
				333E334C1783DB9600EB55DD /* User.m in Sources */,
				77D220871788F48100C710F4 /* MarkerPin.m in Sources */,
			);
			runOnlyForDeploymentPostprocessing = 0;
		};
/* End PBXSourcesBuildPhase section */

/* Begin PBXTargetDependency section */
		33A7FFF41777F66E006E3F8B /* PBXTargetDependency */ = {
			isa = PBXTargetDependency;
			name = RestKit;
			targetProxy = 33A7FFF31777F66E006E3F8B /* PBXContainerItemProxy */;
		};
/* End PBXTargetDependency section */

/* Begin XCBuildConfiguration section */
		333500671761567000291F0F /* Debug */ = {
			isa = XCBuildConfiguration;
			buildSettings = {
				ALWAYS_SEARCH_USER_PATHS = NO;
				CLANG_CXX_LANGUAGE_STANDARD = "gnu++0x";
				CLANG_CXX_LIBRARY = "libc++";
				CLANG_ENABLE_OBJC_ARC = YES;
				CLANG_WARN_CONSTANT_CONVERSION = YES;
				CLANG_WARN_EMPTY_BODY = YES;
				CLANG_WARN_ENUM_CONVERSION = YES;
				CLANG_WARN_INT_CONVERSION = YES;
				CLANG_WARN__DUPLICATE_METHOD_MATCH = YES;
				"CODE_SIGN_IDENTITY[sdk=iphoneos*]" = "iPhone Developer";
				COPY_PHASE_STRIP = NO;
				GCC_C_LANGUAGE_STANDARD = gnu99;
				GCC_DYNAMIC_NO_PIC = NO;
				GCC_OPTIMIZATION_LEVEL = 0;
				GCC_PREPROCESSOR_DEFINITIONS = (
					"DEBUG=1",
					"$(inherited)",
				);
				GCC_SYMBOLS_PRIVATE_EXTERN = NO;
				GCC_WARN_ABOUT_RETURN_TYPE = YES;
				GCC_WARN_UNINITIALIZED_AUTOS = YES;
				GCC_WARN_UNUSED_VARIABLE = YES;
				IPHONEOS_DEPLOYMENT_TARGET = 6.1;
				ONLY_ACTIVE_ARCH = YES;
				SDKROOT = iphoneos;
			};
			name = Debug;
		};
		333500681761567000291F0F /* Release */ = {
			isa = XCBuildConfiguration;
			buildSettings = {
				ALWAYS_SEARCH_USER_PATHS = NO;
				CLANG_CXX_LANGUAGE_STANDARD = "gnu++0x";
				CLANG_CXX_LIBRARY = "libc++";
				CLANG_ENABLE_OBJC_ARC = YES;
				CLANG_WARN_CONSTANT_CONVERSION = YES;
				CLANG_WARN_EMPTY_BODY = YES;
				CLANG_WARN_ENUM_CONVERSION = YES;
				CLANG_WARN_INT_CONVERSION = YES;
				CLANG_WARN__DUPLICATE_METHOD_MATCH = YES;
				"CODE_SIGN_IDENTITY[sdk=iphoneos*]" = "iPhone Developer";
				COPY_PHASE_STRIP = YES;
				GCC_C_LANGUAGE_STANDARD = gnu99;
				GCC_WARN_ABOUT_RETURN_TYPE = YES;
				GCC_WARN_UNINITIALIZED_AUTOS = YES;
				GCC_WARN_UNUSED_VARIABLE = YES;
				IPHONEOS_DEPLOYMENT_TARGET = 6.1;
				OTHER_CFLAGS = "-DNS_BLOCK_ASSERTIONS=1";
				SDKROOT = iphoneos;
				VALIDATE_PRODUCT = YES;
			};
			name = Release;
		};
		3335006A1761567000291F0F /* Debug */ = {
			isa = XCBuildConfiguration;
			buildSettings = {
				GCC_PRECOMPILE_PREFIX_HEADER = YES;
				GCC_PREFIX_HEADER = "CrowdCycle/Res/Supporting Files/CrowdCycle-Prefix.pch";
				HEADER_SEARCH_PATHS = "\"$(BUILT_PRODUCTS_DIR)/../../Headers\"/**";
				INFOPLIST_FILE = "$(SRCROOT)/CrowdCycle/Res/Supporting Files/CrowdCycle-Info.plist";
				OTHER_LDFLAGS = (
					"-ObjC",
					"-all_load",
				);
				PRODUCT_NAME = "$(TARGET_NAME)";
				WRAPPER_EXTENSION = app;
			};
			name = Debug;
		};
		3335006B1761567000291F0F /* Release */ = {
			isa = XCBuildConfiguration;
			buildSettings = {
				GCC_PRECOMPILE_PREFIX_HEADER = YES;
				GCC_PREFIX_HEADER = "CrowdCycle/Res/Supporting Files/CrowdCycle-Prefix.pch";
				HEADER_SEARCH_PATHS = "\"$(BUILT_PRODUCTS_DIR)/../../Headers\"/**";
				INFOPLIST_FILE = "$(SRCROOT)/CrowdCycle/Res/Supporting Files/CrowdCycle-Info.plist";
				OTHER_LDFLAGS = (
					"-ObjC",
					"-all_load",
				);
				PRODUCT_NAME = "$(TARGET_NAME)";
				WRAPPER_EXTENSION = app;
			};
			name = Release;
		};
/* End XCBuildConfiguration section */

/* Begin XCConfigurationList section */
		333500411761567000291F0F /* Build configuration list for PBXProject "CrowdCycle" */ = {
			isa = XCConfigurationList;
			buildConfigurations = (
				333500671761567000291F0F /* Debug */,
				333500681761567000291F0F /* Release */,
			);
			defaultConfigurationIsVisible = 0;
			defaultConfigurationName = Release;
		};
		333500691761567000291F0F /* Build configuration list for PBXNativeTarget "CrowdCycle" */ = {
			isa = XCConfigurationList;
			buildConfigurations = (
				3335006A1761567000291F0F /* Debug */,
				3335006B1761567000291F0F /* Release */,
			);
			defaultConfigurationIsVisible = 0;
			defaultConfigurationName = Release;
		};
/* End XCConfigurationList section */

/* Begin XCVersionGroup section */
		33A7FFF71777F70D006E3F8B /* CoreData.xcdatamodeld */ = {
			isa = XCVersionGroup;
			children = (
				33A7FFF81777F70D006E3F8B /* CoreData.xcdatamodel */,
			);
			currentVersion = 33A7FFF81777F70D006E3F8B /* CoreData.xcdatamodel */;
			path = CoreData.xcdatamodeld;
			sourceTree = "<group>";
			versionGroupType = wrapper.xcdatamodel;
		};
/* End XCVersionGroup section */
	};
	rootObject = 3335003E1761567000291F0F /* Project object */;
}
