// !$*UTF8*$!
{
	archiveVersion = 1;
	classes = {
	};
	objectVersion = 46;
	objects = {

/* Begin PBXBuildFile section */
		3335004A1761567000291F0F /* UIKit.framework in Frameworks */ = {isa = PBXBuildFile; fileRef = 333500491761567000291F0F /* UIKit.framework */; };
		3335004C1761567000291F0F /* Foundation.framework in Frameworks */ = {isa = PBXBuildFile; fileRef = 3335004B1761567000291F0F /* Foundation.framework */; };
		3335004E1761567000291F0F /* CoreGraphics.framework in Frameworks */ = {isa = PBXBuildFile; fileRef = 3335004D1761567000291F0F /* CoreGraphics.framework */; };
		333500811761576500291F0F /* AppDelegate.m in Sources */ = {isa = PBXBuildFile; fileRef = 3335006F1761576500291F0F /* AppDelegate.m */; };
		333500831761576500291F0F /* Default-568h@2x.png in Resources */ = {isa = PBXBuildFile; fileRef = 333500771761576500291F0F /* Default-568h@2x.png */; };
		333500841761576500291F0F /* Default.png in Resources */ = {isa = PBXBuildFile; fileRef = 333500781761576500291F0F /* Default.png */; };
		333500851761576500291F0F /* Default@2x.png in Resources */ = {isa = PBXBuildFile; fileRef = 333500791761576500291F0F /* Default@2x.png */; };
		333500861761576500291F0F /* MainStoryboard.storyboard in Resources */ = {isa = PBXBuildFile; fileRef = 3335007B1761576500291F0F /* MainStoryboard.storyboard */; };
		333500881761576500291F0F /* InfoPlist.strings in Resources */ = {isa = PBXBuildFile; fileRef = 3335007F1761576500291F0F /* InfoPlist.strings */; };
		333500891761576500291F0F /* main.m in Sources */ = {isa = PBXBuildFile; fileRef = 333500801761576500291F0F /* main.m */; };
		333500A117615AA100291F0F /* CFNetwork.framework in Frameworks */ = {isa = PBXBuildFile; fileRef = 3335009C17615AA100291F0F /* CFNetwork.framework */; };
		333500A217615AA100291F0F /* CoreData.framework in Frameworks */ = {isa = PBXBuildFile; fileRef = 3335009D17615AA100291F0F /* CoreData.framework */; };
		333500A317615AA100291F0F /* MobileCoreServices.framework in Frameworks */ = {isa = PBXBuildFile; fileRef = 3335009E17615AA100291F0F /* MobileCoreServices.framework */; };
		333500A417615AA100291F0F /* Security.framework in Frameworks */ = {isa = PBXBuildFile; fileRef = 3335009F17615AA100291F0F /* Security.framework */; };
		333500A517615AA100291F0F /* SystemConfiguration.framework in Frameworks */ = {isa = PBXBuildFile; fileRef = 333500A017615AA100291F0F /* SystemConfiguration.framework */; };
		772CEA3A177778C700AFB92D /* MainViewController.m in Sources */ = {isa = PBXBuildFile; fileRef = 772CEA39177778C700AFB92D /* MainViewController.m */; };
		77F53BB617778919007FFD3E /* MapKit.framework in Frameworks */ = {isa = PBXBuildFile; fileRef = 77F53BB517778919007FFD3E /* MapKit.framework */; };
		77F53BB917778F02007FFD3E /* LoginViewController.m in Sources */ = {isa = PBXBuildFile; fileRef = 77F53BB817778F02007FFD3E /* LoginViewController.m */; };
		77F53BBF177791BD007FFD3E /* RegisterViewController.m in Sources */ = {isa = PBXBuildFile; fileRef = 77F53BBE177791BD007FFD3E /* RegisterViewController.m */; };
		77F53BC2177793FB007FFD3E /* ProfileViewController.m in Sources */ = {isa = PBXBuildFile; fileRef = 77F53BC1177793FB007FFD3E /* ProfileViewController.m */; };
/* End PBXBuildFile section */

/* Begin PBXFileReference section */
		01606ADCB13E4F2CB218C9F3 /* Pods.xcconfig */ = {isa = PBXFileReference; includeInIndex = 1; lastKnownFileType = text.xcconfig; name = Pods.xcconfig; path = Pods/Pods.xcconfig; sourceTree = SOURCE_ROOT; };
		333500461761567000291F0F /* CrowdCycle.app */ = {isa = PBXFileReference; explicitFileType = wrapper.application; includeInIndex = 0; path = CrowdCycle.app; sourceTree = BUILT_PRODUCTS_DIR; };
		333500491761567000291F0F /* UIKit.framework */ = {isa = PBXFileReference; lastKnownFileType = wrapper.framework; name = UIKit.framework; path = System/Library/Frameworks/UIKit.framework; sourceTree = SDKROOT; };
		3335004B1761567000291F0F /* Foundation.framework */ = {isa = PBXFileReference; lastKnownFileType = wrapper.framework; name = Foundation.framework; path = System/Library/Frameworks/Foundation.framework; sourceTree = SDKROOT; };
		3335004D1761567000291F0F /* CoreGraphics.framework */ = {isa = PBXFileReference; lastKnownFileType = wrapper.framework; name = CoreGraphics.framework; path = System/Library/Frameworks/CoreGraphics.framework; sourceTree = SDKROOT; };
		3335006E1761576500291F0F /* AppDelegate.h */ = {isa = PBXFileReference; fileEncoding = 4; lastKnownFileType = sourcecode.c.h; path = AppDelegate.h; sourceTree = "<group>"; };
		3335006F1761576500291F0F /* AppDelegate.m */ = {isa = PBXFileReference; fileEncoding = 4; lastKnownFileType = sourcecode.c.objc; path = AppDelegate.m; sourceTree = "<group>"; };
		333500771761576500291F0F /* Default-568h@2x.png */ = {isa = PBXFileReference; lastKnownFileType = image.png; path = "Default-568h@2x.png"; sourceTree = "<group>"; };
		333500781761576500291F0F /* Default.png */ = {isa = PBXFileReference; lastKnownFileType = image.png; path = Default.png; sourceTree = "<group>"; };
		333500791761576500291F0F /* Default@2x.png */ = {isa = PBXFileReference; lastKnownFileType = image.png; path = "Default@2x.png"; sourceTree = "<group>"; };
		3335007B1761576500291F0F /* MainStoryboard.storyboard */ = {isa = PBXFileReference; fileEncoding = 4; lastKnownFileType = file.storyboard; path = MainStoryboard.storyboard; sourceTree = "<group>"; };
		3335007D1761576500291F0F /* CrowdCycle-Info.plist */ = {isa = PBXFileReference; fileEncoding = 4; lastKnownFileType = text.plist.xml; path = "CrowdCycle-Info.plist"; sourceTree = "<group>"; };
		3335007E1761576500291F0F /* CrowdCycle-Prefix.pch */ = {isa = PBXFileReference; fileEncoding = 4; lastKnownFileType = sourcecode.c.h; path = "CrowdCycle-Prefix.pch"; sourceTree = "<group>"; };
		3335007F1761576500291F0F /* InfoPlist.strings */ = {isa = PBXFileReference; fileEncoding = 4; lastKnownFileType = text.plist.strings; path = InfoPlist.strings; sourceTree = "<group>"; };
		333500801761576500291F0F /* main.m */ = {isa = PBXFileReference; fileEncoding = 4; lastKnownFileType = sourcecode.c.objc; path = main.m; sourceTree = "<group>"; };
		3335009C17615AA100291F0F /* CFNetwork.framework */ = {isa = PBXFileReference; lastKnownFileType = wrapper.framework; name = CFNetwork.framework; path = System/Library/Frameworks/CFNetwork.framework; sourceTree = SDKROOT; };
		3335009D17615AA100291F0F /* CoreData.framework */ = {isa = PBXFileReference; lastKnownFileType = wrapper.framework; name = CoreData.framework; path = System/Library/Frameworks/CoreData.framework; sourceTree = SDKROOT; };
		3335009E17615AA100291F0F /* MobileCoreServices.framework */ = {isa = PBXFileReference; lastKnownFileType = wrapper.framework; name = MobileCoreServices.framework; path = System/Library/Frameworks/MobileCoreServices.framework; sourceTree = SDKROOT; };
		3335009F17615AA100291F0F /* Security.framework */ = {isa = PBXFileReference; lastKnownFileType = wrapper.framework; name = Security.framework; path = System/Library/Frameworks/Security.framework; sourceTree = SDKROOT; };
		333500A017615AA100291F0F /* SystemConfiguration.framework */ = {isa = PBXFileReference; lastKnownFileType = wrapper.framework; name = SystemConfiguration.framework; path = System/Library/Frameworks/SystemConfiguration.framework; sourceTree = SDKROOT; };
		772CEA38177778C700AFB92D /* MainViewController.h */ = {isa = PBXFileReference; fileEncoding = 4; lastKnownFileType = sourcecode.c.h; path = MainViewController.h; sourceTree = "<group>"; };
		772CEA39177778C700AFB92D /* MainViewController.m */ = {isa = PBXFileReference; fileEncoding = 4; lastKnownFileType = sourcecode.c.objc; path = MainViewController.m; sourceTree = "<group>"; };
		77F53BB517778919007FFD3E /* MapKit.framework */ = {isa = PBXFileReference; lastKnownFileType = wrapper.framework; name = MapKit.framework; path = System/Library/Frameworks/MapKit.framework; sourceTree = SDKROOT; };
		77F53BB717778F02007FFD3E /* LoginViewController.h */ = {isa = PBXFileReference; fileEncoding = 4; lastKnownFileType = sourcecode.c.h; path = LoginViewController.h; sourceTree = "<group>"; };
		77F53BB817778F02007FFD3E /* LoginViewController.m */ = {isa = PBXFileReference; fileEncoding = 4; lastKnownFileType = sourcecode.c.objc; path = LoginViewController.m; sourceTree = "<group>"; };
		77F53BBD177791BD007FFD3E /* RegisterViewController.h */ = {isa = PBXFileReference; fileEncoding = 4; lastKnownFileType = sourcecode.c.h; path = RegisterViewController.h; sourceTree = "<group>"; };
		77F53BBE177791BD007FFD3E /* RegisterViewController.m */ = {isa = PBXFileReference; fileEncoding = 4; lastKnownFileType = sourcecode.c.objc; path = RegisterViewController.m; sourceTree = "<group>"; };
		77F53BC0177793FB007FFD3E /* ProfileViewController.h */ = {isa = PBXFileReference; fileEncoding = 4; lastKnownFileType = sourcecode.c.h; path = ProfileViewController.h; sourceTree = "<group>"; };
		77F53BC1177793FB007FFD3E /* ProfileViewController.m */ = {isa = PBXFileReference; fileEncoding = 4; lastKnownFileType = sourcecode.c.objc; path = ProfileViewController.m; sourceTree = "<group>"; };
		8DB4058500CB4BF7B801DC1B /* libPods.a */ = {isa = PBXFileReference; explicitFileType = archive.ar; includeInIndex = 0; path = libPods.a; sourceTree = BUILT_PRODUCTS_DIR; };
/* End PBXFileReference section */

/* Begin PBXFrameworksBuildPhase section */
		333500431761567000291F0F /* Frameworks */ = {
			isa = PBXFrameworksBuildPhase;
			buildActionMask = 2147483647;
			files = (
				77F53BB617778919007FFD3E /* MapKit.framework in Frameworks */,
				333500A117615AA100291F0F /* CFNetwork.framework in Frameworks */,
				333500A217615AA100291F0F /* CoreData.framework in Frameworks */,
				333500A317615AA100291F0F /* MobileCoreServices.framework in Frameworks */,
				333500A417615AA100291F0F /* Security.framework in Frameworks */,
				333500A517615AA100291F0F /* SystemConfiguration.framework in Frameworks */,
				3335004A1761567000291F0F /* UIKit.framework in Frameworks */,
				3335004C1761567000291F0F /* Foundation.framework in Frameworks */,
				3335004E1761567000291F0F /* CoreGraphics.framework in Frameworks */,
			);
			runOnlyForDeploymentPostprocessing = 0;
		};
/* End PBXFrameworksBuildPhase section */

/* Begin PBXGroup section */
		3335003D1761567000291F0F = {
			isa = PBXGroup;
			children = (
				77F53BB517778919007FFD3E /* MapKit.framework */,
				3335006C1761576500291F0F /* Classes */,
				333500741761576500291F0F /* Lib */,
				333500751761576500291F0F /* Res */,
				333500481761567000291F0F /* Frameworks */,
				333500471761567000291F0F /* Products */,
				01606ADCB13E4F2CB218C9F3 /* Pods.xcconfig */,
			);
			sourceTree = "<group>";
		};
		333500471761567000291F0F /* Products */ = {
			isa = PBXGroup;
			children = (
				333500461761567000291F0F /* CrowdCycle.app */,
			);
			name = Products;
			sourceTree = "<group>";
		};
		333500481761567000291F0F /* Frameworks */ = {
			isa = PBXGroup;
			children = (
				3335009C17615AA100291F0F /* CFNetwork.framework */,
				3335009D17615AA100291F0F /* CoreData.framework */,
				3335004D1761567000291F0F /* CoreGraphics.framework */,
				3335004B1761567000291F0F /* Foundation.framework */,
				3335009E17615AA100291F0F /* MobileCoreServices.framework */,
				3335009F17615AA100291F0F /* Security.framework */,
				333500A017615AA100291F0F /* SystemConfiguration.framework */,
				333500491761567000291F0F /* UIKit.framework */,
				8DB4058500CB4BF7B801DC1B /* libPods.a */,
			);
			name = Frameworks;
			sourceTree = "<group>";
		};
		3335006C1761576500291F0F /* Classes */ = {
			isa = PBXGroup;
			children = (
				3335006D1761576500291F0F /* Global */,
				333500701761576500291F0F /* Models */,
				333500711761576500291F0F /* UIViewControllers */,
			);
			name = Classes;
			path = CrowdCycle/Classes;
			sourceTree = "<group>";
		};
		3335006D1761576500291F0F /* Global */ = {
			isa = PBXGroup;
			children = (
				3335006E1761576500291F0F /* AppDelegate.h */,
				3335006F1761576500291F0F /* AppDelegate.m */,
			);
			path = Global;
			sourceTree = "<group>";
		};
		333500701761576500291F0F /* Models */ = {
			isa = PBXGroup;
			children = (
			);
			path = Models;
			sourceTree = "<group>";
		};
		333500711761576500291F0F /* UIViewControllers */ = {
			isa = PBXGroup;
			children = (
				772CEA38177778C700AFB92D /* MainViewController.h */,
				772CEA39177778C700AFB92D /* MainViewController.m */,
				77F53BB717778F02007FFD3E /* LoginViewController.h */,
				77F53BB817778F02007FFD3E /* LoginViewController.m */,
				77F53BBD177791BD007FFD3E /* RegisterViewController.h */,
				77F53BBE177791BD007FFD3E /* RegisterViewController.m */,
				77F53BC0177793FB007FFD3E /* ProfileViewController.h */,
				77F53BC1177793FB007FFD3E /* ProfileViewController.m */,
			);
			path = UIViewControllers;
			sourceTree = "<group>";
		};
		333500741761576500291F0F /* Lib */ = {
			isa = PBXGroup;
			children = (
			);
			name = Lib;
			path = CrowdCycle/Lib;
			sourceTree = "<group>";
		};
		333500751761576500291F0F /* Res */ = {
			isa = PBXGroup;
			children = (
				333500761761576500291F0F /* Images */,
				3335007A1761576500291F0F /* Nibs */,
				3335007C1761576500291F0F /* Supporting Files */,
			);
			name = Res;
			path = CrowdCycle/Res;
			sourceTree = "<group>";
		};
		333500761761576500291F0F /* Images */ = {
			isa = PBXGroup;
			children = (
				333500771761576500291F0F /* Default-568h@2x.png */,
				333500781761576500291F0F /* Default.png */,
				333500791761576500291F0F /* Default@2x.png */,
			);
			path = Images;
			sourceTree = "<group>";
		};
		3335007A1761576500291F0F /* Nibs */ = {
			isa = PBXGroup;
			children = (
				3335007B1761576500291F0F /* MainStoryboard.storyboard */,
			);
			path = Nibs;
			sourceTree = "<group>";
		};
		3335007C1761576500291F0F /* Supporting Files */ = {
			isa = PBXGroup;
			children = (
				3335007D1761576500291F0F /* CrowdCycle-Info.plist */,
				3335007E1761576500291F0F /* CrowdCycle-Prefix.pch */,
				3335007F1761576500291F0F /* InfoPlist.strings */,
				333500801761576500291F0F /* main.m */,
			);
			path = "Supporting Files";
			sourceTree = "<group>";
		};
/* End PBXGroup section */

/* Begin PBXNativeTarget section */
		333500451761567000291F0F /* CrowdCycle */ = {
			isa = PBXNativeTarget;
			buildConfigurationList = 333500691761567000291F0F /* Build configuration list for PBXNativeTarget "CrowdCycle" */;
			buildPhases = (
				1845309FD2E54436AFC0B464 /* Check Pods Manifest.lock */,
				333500421761567000291F0F /* Sources */,
				333500431761567000291F0F /* Frameworks */,
				333500441761567000291F0F /* Resources */,
				B84CA500F303417B869F1065 /* Copy Pods Resources */,
			);
			buildRules = (
			);
			dependencies = (
			);
			name = CrowdCycle;
			productName = CrowdCycle;
			productReference = 333500461761567000291F0F /* CrowdCycle.app */;
			productType = "com.apple.product-type.application";
		};
/* End PBXNativeTarget section */

/* Begin PBXProject section */
		3335003E1761567000291F0F /* Project object */ = {
			isa = PBXProject;
			attributes = {
				LastUpgradeCheck = 0460;
				ORGANIZATIONNAME = "Daniel MacKenzie";
			};
			buildConfigurationList = 333500411761567000291F0F /* Build configuration list for PBXProject "CrowdCycle" */;
			compatibilityVersion = "Xcode 3.2";
			developmentRegion = English;
			hasScannedForEncodings = 0;
			knownRegions = (
				en,
			);
			mainGroup = 3335003D1761567000291F0F;
			productRefGroup = 333500471761567000291F0F /* Products */;
			projectDirPath = "";
			projectRoot = "";
			targets = (
				333500451761567000291F0F /* CrowdCycle */,
			);
		};
/* End PBXProject section */

/* Begin PBXResourcesBuildPhase section */
		333500441761567000291F0F /* Resources */ = {
			isa = PBXResourcesBuildPhase;
			buildActionMask = 2147483647;
			files = (
				333500831761576500291F0F /* Default-568h@2x.png in Resources */,
				333500841761576500291F0F /* Default.png in Resources */,
				333500851761576500291F0F /* Default@2x.png in Resources */,
				333500861761576500291F0F /* MainStoryboard.storyboard in Resources */,
				333500881761576500291F0F /* InfoPlist.strings in Resources */,
			);
			runOnlyForDeploymentPostprocessing = 0;
		};
/* End PBXResourcesBuildPhase section */

/* Begin PBXShellScriptBuildPhase section */
		1845309FD2E54436AFC0B464 /* Check Pods Manifest.lock */ = {
			isa = PBXShellScriptBuildPhase;
			buildActionMask = 2147483647;
			files = (
			);
			inputPaths = (
			);
			name = "Check Pods Manifest.lock";
			outputPaths = (
			);
			runOnlyForDeploymentPostprocessing = 0;
			shellPath = /bin/sh;
			shellScript = "diff \"${PODS_ROOT}/../Podfile.lock\" \"${PODS_ROOT}/Manifest.lock\" > /dev/null\nif [[ $? != 0 ]] ; then\n    cat << EOM\nerror: The sandbox is not in sync with the Podfile.lock. Run 'pod install' or update your CocoaPods installation.\nEOM\n    exit 1\nfi\n";
		};
		B84CA500F303417B869F1065 /* Copy Pods Resources */ = {
			isa = PBXShellScriptBuildPhase;
			buildActionMask = 2147483647;
			files = (
			);
			inputPaths = (
			);
			name = "Copy Pods Resources";
			outputPaths = (
			);
			runOnlyForDeploymentPostprocessing = 0;
			shellPath = /bin/sh;
			shellScript = "\"${SRCROOT}/Pods/Pods-resources.sh\"\n";
		};
/* End PBXShellScriptBuildPhase section */

/* Begin PBXSourcesBuildPhase section */
		333500421761567000291F0F /* Sources */ = {
			isa = PBXSourcesBuildPhase;
			buildActionMask = 2147483647;
			files = (
				333500811761576500291F0F /* AppDelegate.m in Sources */,
				333500891761576500291F0F /* main.m in Sources */,
				772CEA3A177778C700AFB92D /* MainViewController.m in Sources */,
				77F53BB917778F02007FFD3E /* LoginViewController.m in Sources */,
				77F53BBF177791BD007FFD3E /* RegisterViewController.m in Sources */,
				77F53BC2177793FB007FFD3E /* ProfileViewController.m in Sources */,
			);
			runOnlyForDeploymentPostprocessing = 0;
		};
/* End PBXSourcesBuildPhase section */

/* Begin XCBuildConfiguration section */
		333500671761567000291F0F /* Debug */ = {
			isa = XCBuildConfiguration;
			buildSettings = {
				ALWAYS_SEARCH_USER_PATHS = NO;
				CLANG_CXX_LANGUAGE_STANDARD = "gnu++0x";
				CLANG_CXX_LIBRARY = "libc++";
				CLANG_ENABLE_OBJC_ARC = YES;
				CLANG_WARN_CONSTANT_CONVERSION = YES;
				CLANG_WARN_EMPTY_BODY = YES;
				CLANG_WARN_ENUM_CONVERSION = YES;
				CLANG_WARN_INT_CONVERSION = YES;
				CLANG_WARN__DUPLICATE_METHOD_MATCH = YES;
				"CODE_SIGN_IDENTITY[sdk=iphoneos*]" = "iPhone Developer";
				COPY_PHASE_STRIP = NO;
				GCC_C_LANGUAGE_STANDARD = gnu99;
				GCC_DYNAMIC_NO_PIC = NO;
				GCC_OPTIMIZATION_LEVEL = 0;
				GCC_PREPROCESSOR_DEFINITIONS = (
					"DEBUG=1",
					"$(inherited)",
				);
				GCC_SYMBOLS_PRIVATE_EXTERN = NO;
				GCC_WARN_ABOUT_RETURN_TYPE = YES;
				GCC_WARN_UNINITIALIZED_AUTOS = YES;
				GCC_WARN_UNUSED_VARIABLE = YES;
				IPHONEOS_DEPLOYMENT_TARGET = 6.1;
				ONLY_ACTIVE_ARCH = YES;
				SDKROOT = iphoneos;
			};
			name = Debug;
		};
		333500681761567000291F0F /* Release */ = {
			isa = XCBuildConfiguration;
			buildSettings = {
				ALWAYS_SEARCH_USER_PATHS = NO;
				CLANG_CXX_LANGUAGE_STANDARD = "gnu++0x";
				CLANG_CXX_LIBRARY = "libc++";
				CLANG_ENABLE_OBJC_ARC = YES;
				CLANG_WARN_CONSTANT_CONVERSION = YES;
				CLANG_WARN_EMPTY_BODY = YES;
				CLANG_WARN_ENUM_CONVERSION = YES;
				CLANG_WARN_INT_CONVERSION = YES;
				CLANG_WARN__DUPLICATE_METHOD_MATCH = YES;
				"CODE_SIGN_IDENTITY[sdk=iphoneos*]" = "iPhone Developer";
				COPY_PHASE_STRIP = YES;
				GCC_C_LANGUAGE_STANDARD = gnu99;
				GCC_WARN_ABOUT_RETURN_TYPE = YES;
				GCC_WARN_UNINITIALIZED_AUTOS = YES;
				GCC_WARN_UNUSED_VARIABLE = YES;
				IPHONEOS_DEPLOYMENT_TARGET = 6.1;
				OTHER_CFLAGS = "-DNS_BLOCK_ASSERTIONS=1";
				SDKROOT = iphoneos;
				VALIDATE_PRODUCT = YES;
			};
			name = Release;
		};
		3335006A1761567000291F0F /* Debug */ = {
			isa = XCBuildConfiguration;
			baseConfigurationReference = 01606ADCB13E4F2CB218C9F3 /* Pods.xcconfig */;
			buildSettings = {
				GCC_PRECOMPILE_PREFIX_HEADER = YES;
				GCC_PREFIX_HEADER = "CrowdCycle/Res/Supporting Files/CrowdCycle-Prefix.pch";
				HEADER_SEARCH_PATHS = "\"$(BUILT_PRODUCTS_DIR)/../../Headers\"/**";
				INFOPLIST_FILE = "$(SRCROOT)/CrowdCycle/Res/Supporting Files/CrowdCycle-Info.plist";
				OTHER_LDFLAGS = (
					"-ObjC",
					"-all_load",
				);
				PRODUCT_NAME = "$(TARGET_NAME)";
				WRAPPER_EXTENSION = app;
			};
			name = Debug;
		};
		3335006B1761567000291F0F /* Release */ = {
			isa = XCBuildConfiguration;
			baseConfigurationReference = 01606ADCB13E4F2CB218C9F3 /* Pods.xcconfig */;
			buildSettings = {
				GCC_PRECOMPILE_PREFIX_HEADER = YES;
				GCC_PREFIX_HEADER = "CrowdCycle/Res/Supporting Files/CrowdCycle-Prefix.pch";
				HEADER_SEARCH_PATHS = "\"$(BUILT_PRODUCTS_DIR)/../../Headers\"/**";
				INFOPLIST_FILE = "$(SRCROOT)/CrowdCycle/Res/Supporting Files/CrowdCycle-Info.plist";
				OTHER_LDFLAGS = (
					"-ObjC",
					"-all_load",
				);
				PRODUCT_NAME = "$(TARGET_NAME)";
				WRAPPER_EXTENSION = app;
			};
			name = Release;
		};
/* End XCBuildConfiguration section */

/* Begin XCConfigurationList section */
		333500411761567000291F0F /* Build configuration list for PBXProject "CrowdCycle" */ = {
			isa = XCConfigurationList;
			buildConfigurations = (
				333500671761567000291F0F /* Debug */,
				333500681761567000291F0F /* Release */,
			);
			defaultConfigurationIsVisible = 0;
			defaultConfigurationName = Release;
		};
		333500691761567000291F0F /* Build configuration list for PBXNativeTarget "CrowdCycle" */ = {
			isa = XCConfigurationList;
			buildConfigurations = (
				3335006A1761567000291F0F /* Debug */,
				3335006B1761567000291F0F /* Release */,
			);
			defaultConfigurationIsVisible = 0;
			defaultConfigurationName = Release;
		};
/* End XCConfigurationList section */
	};
	rootObject = 3335003E1761567000291F0F /* Project object */;
}
